
Microsoft Visual Studio Solution File, Format Version 12.00
# Visual Studio 15
VisualStudioVersion = 15.0.28010.2003
MinimumVisualStudioVersion = 10.0.40219.1
Project("{FAE04EC0-301F-11D3-BF4B-00C04F79EFBC}") = "Lab3", "Lab3\Lab3.csproj", "{B8A2C980-8174-4784-A693-ABF49471C32A}"
EndProject
Project("{FAE04EC0-301F-11D3-BF4B-00C04F79EFBC}") = "Lab3Home", "Lab3Home\Lab3Home.csproj", "{18CD9564-C5F6-4672-B24F-55ED69304311}"
EndProject
Global
	GlobalSection(SolutionConfigurationPlatforms) = preSolution
		Debug|Any CPU = Debug|Any CPU
		Release|Any CPU = Release|Any CPU
	EndGlobalSection
	GlobalSection(ProjectConfigurationPlatforms) = postSolution
		{B8A2C980-8174-4784-A693-ABF49471C32A}.Debug|Any CPU.ActiveCfg = Debug|Any CPU
		{B8A2C980-8174-4784-A693-ABF49471C32A}.Debug|Any CPU.Build.0 = Debug|Any CPU
		{B8A2C980-8174-4784-A693-ABF49471C32A}.Release|Any CPU.ActiveCfg = Release|Any CPU
		{B8A2C980-8174-4784-A693-ABF49471C32A}.Release|Any CPU.Build.0 = Release|Any CPU
		{18CD9564-C5F6-4672-B24F-55ED69304311}.Debug|Any CPU.ActiveCfg = Debug|Any CPU
		{18CD9564-C5F6-4672-B24F-55ED69304311}.Debug|Any CPU.Build.0 = Debug|Any CPU
		{18CD9564-C5F6-4672-B24F-55ED69304311}.Release|Any CPU.ActiveCfg = Release|Any CPU
		{18CD9564-C5F6-4672-B24F-55ED69304311}.Release|Any CPU.Build.0 = Release|Any CPU
	EndGlobalSection
	GlobalSection(SolutionProperties) = preSolution
		HideSolutionNode = FALSE
	EndGlobalSection
	GlobalSection(ExtensibilityGlobals) = postSolution
		SolutionGuid = {E56E9C98-7F4B-4569-94AC-83C0052C2E99}
	EndGlobalSection
EndGlobal
