
Microsoft Visual Studio Solution File, Format Version 12.00
# Visual Studio 15
VisualStudioVersion = 15.0.28010.2003
MinimumVisualStudioVersion = 10.0.40219.1
Project("{FAE04EC0-301F-11D3-BF4B-00C04F79EFBC}") = "Lab4", "Lab4\Lab4.csproj", "{0453CA1D-F08A-443A-A733-6D2BFDF10A2B}"
EndProject
Project("{FAE04EC0-301F-11D3-BF4B-00C04F79EFBC}") = "Lab4Home", "Lab4Home\Lab4Home.csproj", "{DE1C9576-321A-4206-9FF3-444295CCC35E}"
EndProject
Global
	GlobalSection(SolutionConfigurationPlatforms) = preSolution
		Debug|Any CPU = Debug|Any CPU
		Release|Any CPU = Release|Any CPU
	EndGlobalSection
	GlobalSection(ProjectConfigurationPlatforms) = postSolution
		{0453CA1D-F08A-443A-A733-6D2BFDF10A2B}.Debug|Any CPU.ActiveCfg = Debug|Any CPU
		{0453CA1D-F08A-443A-A733-6D2BFDF10A2B}.Debug|Any CPU.Build.0 = Debug|Any CPU
		{0453CA1D-F08A-443A-A733-6D2BFDF10A2B}.Release|Any CPU.ActiveCfg = Release|Any CPU
		{0453CA1D-F08A-443A-A733-6D2BFDF10A2B}.Release|Any CPU.Build.0 = Release|Any CPU
		{DE1C9576-321A-4206-9FF3-444295CCC35E}.Debug|Any CPU.ActiveCfg = Debug|Any CPU
		{DE1C9576-321A-4206-9FF3-444295CCC35E}.Debug|Any CPU.Build.0 = Debug|Any CPU
		{DE1C9576-321A-4206-9FF3-444295CCC35E}.Release|Any CPU.ActiveCfg = Release|Any CPU
		{DE1C9576-321A-4206-9FF3-444295CCC35E}.Release|Any CPU.Build.0 = Release|Any CPU
	EndGlobalSection
	GlobalSection(SolutionProperties) = preSolution
		HideSolutionNode = FALSE
	EndGlobalSection
	GlobalSection(ExtensibilityGlobals) = postSolution
		SolutionGuid = {B01E3C8B-FC2E-4DD5-B608-DF7D78F66C0A}
	EndGlobalSection
EndGlobal
